
Microsoft Visual Studio Solution File, Format Version 12.00
# Visual Studio Version 17
VisualStudioVersion = 17.0.31903.59
MinimumVisualStudioVersion = 10.0.40219.1
Project("{2150E333-8FDC-42A3-9474-1A3956D46DE8}") = "test", "test", "{ECCB13DA-EF6F-4558-823B-DF51EA041FAD}"
EndProject
Project("{FAE04EC0-301F-11D3-BF4B-00C04F79EFBC}") = "draft-ml.Tests", "test\draft-ml.Tests\draft-ml.Tests.csproj", "{BBF879B9-7885-41ED-B15A-2219E1F6C5CB}"
EndProject
Project("{2150E333-8FDC-42A3-9474-1A3956D46DE8}") = "src", "src", "{FB4E0937-B963-4993-B66C-BF294347CC01}"
EndProject
Project("{FAE04EC0-301F-11D3-BF4B-00C04F79EFBC}") = "draft-ml", "src\draft-ml\draft-ml.csproj", "{6C706FC6-CDF0-4305-BE68-F1B7326722C6}"
EndProject
Global
	GlobalSection(SolutionConfigurationPlatforms) = preSolution
		Debug|Any CPU = Debug|Any CPU
		Release|Any CPU = Release|Any CPU
	EndGlobalSection
	GlobalSection(SolutionProperties) = preSolution
		HideSolutionNode = FALSE
	EndGlobalSection
	GlobalSection(ProjectConfigurationPlatforms) = postSolution
		{BBF879B9-7885-41ED-B15A-2219E1F6C5CB}.Debug|Any CPU.ActiveCfg = Debug|Any CPU
		{BBF879B9-7885-41ED-B15A-2219E1F6C5CB}.Debug|Any CPU.Build.0 = Debug|Any CPU
		{BBF879B9-7885-41ED-B15A-2219E1F6C5CB}.Release|Any CPU.ActiveCfg = Release|Any CPU
		{BBF879B9-7885-41ED-B15A-2219E1F6C5CB}.Release|Any CPU.Build.0 = Release|Any CPU
		{6C706FC6-CDF0-4305-BE68-F1B7326722C6}.Debug|Any CPU.ActiveCfg = Debug|Any CPU
		{6C706FC6-CDF0-4305-BE68-F1B7326722C6}.Debug|Any CPU.Build.0 = Debug|Any CPU
		{6C706FC6-CDF0-4305-BE68-F1B7326722C6}.Release|Any CPU.ActiveCfg = Release|Any CPU
		{6C706FC6-CDF0-4305-BE68-F1B7326722C6}.Release|Any CPU.Build.0 = Release|Any CPU
	EndGlobalSection
	GlobalSection(NestedProjects) = preSolution
		{BBF879B9-7885-41ED-B15A-2219E1F6C5CB} = {ECCB13DA-EF6F-4558-823B-DF51EA041FAD}
		{6C706FC6-CDF0-4305-BE68-F1B7326722C6} = {FB4E0937-B963-4993-B66C-BF294347CC01}
	EndGlobalSection
EndGlobal
